
Microsoft Visual Studio Solution File, Format Version 12.00
# Visual Studio Version 17
VisualStudioVersion = 17.11.35208.52
MinimumVisualStudioVersion = 10.0.40219.1
Project("{FAE04EC0-301F-11D3-BF4B-00C04F79EFBC}") = "Site-02", "Site-02.csproj", "{ABB5244A-B7A4-4E48-A7BA-C07FB60CC499}"
EndProject
Global
	GlobalSection(SolutionConfigurationPlatforms) = preSolution
		Debug|Any CPU = Debug|Any CPU
		Release|Any CPU = Release|Any CPU
	EndGlobalSection
	GlobalSection(ProjectConfigurationPlatforms) = postSolution
		{ABB5244A-B7A4-4E48-A7BA-C07FB60CC499}.Debug|Any CPU.ActiveCfg = Debug|Any CPU
		{ABB5244A-B7A4-4E48-A7BA-C07FB60CC499}.Debug|Any CPU.Build.0 = Debug|Any CPU
		{ABB5244A-B7A4-4E48-A7BA-C07FB60CC499}.Release|Any CPU.ActiveCfg = Release|Any CPU
		{ABB5244A-B7A4-4E48-A7BA-C07FB60CC499}.Release|Any CPU.Build.0 = Release|Any CPU
	EndGlobalSection
	GlobalSection(SolutionProperties) = preSolution
		HideSolutionNode = FALSE
	EndGlobalSection
	GlobalSection(ExtensibilityGlobals) = postSolution
		SolutionGuid = {970786EA-8083-43FF-8BF0-23CB8891700E}
	EndGlobalSection
EndGlobal
